
Microsoft Visual Studio Solution File, Format Version 12.00
# Visual Studio Version 17
VisualStudioVersion = 17.14.36518.9 d17.14
MinimumVisualStudioVersion = 10.0.40219.1
Project("{FAE04EC0-301F-11D3-BF4B-00C04F79EFBC}") = "ConsoleApp14", "ConsoleApp14\ConsoleApp14.csproj", "{723721A6-90D9-454C-9409-574EB3B3BFAF}"
EndProject
Project("{2150E333-8FDC-42A3-9474-1A3956D46DE8}") = "Solution Items", "Solution Items", "{8EC462FD-D22E-90A8-E5CE-7E832BA40C5D}"
	ProjectSection(SolutionItems) = preProject
		.gitignore = .gitignore
	EndProjectSection
EndProject
Project("{FAE04EC0-301F-11D3-BF4B-00C04F79EFBC}") = "ConsoleApp14Tests", "ConsoleApp14Tests\ConsoleApp14Tests.csproj", "{1A5DA2C5-6F0C-4DCF-8D09-20AE8B985A5A}"
EndProject
Global
	GlobalSection(SolutionConfigurationPlatforms) = preSolution
		Debug|Any CPU = Debug|Any CPU
		Release|Any CPU = Release|Any CPU
	EndGlobalSection
	GlobalSection(ProjectConfigurationPlatforms) = postSolution
		{723721A6-90D9-454C-9409-574EB3B3BFAF}.Debug|Any CPU.ActiveCfg = Debug|Any CPU
		{723721A6-90D9-454C-9409-574EB3B3BFAF}.Debug|Any CPU.Build.0 = Debug|Any CPU
		{723721A6-90D9-454C-9409-574EB3B3BFAF}.Release|Any CPU.ActiveCfg = Release|Any CPU
		{723721A6-90D9-454C-9409-574EB3B3BFAF}.Release|Any CPU.Build.0 = Release|Any CPU
		{1A5DA2C5-6F0C-4DCF-8D09-20AE8B985A5A}.Debug|Any CPU.ActiveCfg = Debug|Any CPU
		{1A5DA2C5-6F0C-4DCF-8D09-20AE8B985A5A}.Debug|Any CPU.Build.0 = Debug|Any CPU
		{1A5DA2C5-6F0C-4DCF-8D09-20AE8B985A5A}.Release|Any CPU.ActiveCfg = Release|Any CPU
		{1A5DA2C5-6F0C-4DCF-8D09-20AE8B985A5A}.Release|Any CPU.Build.0 = Release|Any CPU
	EndGlobalSection
	GlobalSection(SolutionProperties) = preSolution
		HideSolutionNode = FALSE
	EndGlobalSection
	GlobalSection(ExtensibilityGlobals) = postSolution
		SolutionGuid = {C35CE646-B631-43EA-909B-74EE90F00D5C}
	EndGlobalSection
EndGlobal
